{
  "originHash" : "f96621c3abc899522b68e9cd667976246aa292ff949624ae425351181fe271ab",
  "pins" : [
    {
      "identity" : "coregpx",
      "kind" : "remoteSourceControl",
      "location" : "https://github.com/vincentneo/CoreGPX.git",
      "state" : {
        "revision" : "42662cc9235d385bdd0356c8f4cb7b581da24e39",
        "version" : "0.9.3"
      }
    },
    {
      "identity" : "mapcache",
      "kind" : "remoteSourceControl",
      "location" : "https://github.com/vincentneo/MapCache.git",
      "state" : {
        "branch" : "master",
        "revision" : "13283eaeec68951f330a1229e0bb4ae23e05c789"
      }
    }
  ],
  "version" : 3
}
